github.com/ericlagergren/testutil v0.0.0-20220814025904-404663215e88 h1:xmPk2YUwB47PIPbYTS6jPJ5zCaqS1LjycaMLDy5v7Z4=
github.com/ericlagergren/testutil v0.0.0-20220814025904-404663215e88/go.mod h1:E4aJHbNMb6zjyVd1Mrpf3FIJ6kAtnVUq2yl0T6DHZ/I=
golang.org/x/exp v0.0.0-20230203172020-98cc5a0785f9 h1:frX3nT9RkKybPnjyI+yvZh6ZucTZatCCEm9D47sZ2zo=
golang.org/x/exp v0.0.0-20230203172020-98cc5a0785f9/go.mod h1:CxIveKay+FTh1D0yPZemJVgC/95VzuuOLq5Qi4xnoYc=
